
Microsoft Visual Studio Solution File, Format Version 12.00
# Visual Studio Version 17
VisualStudioVersion = 17.10.35013.160
MinimumVisualStudioVersion = 10.0.40219.1
Project("{8BC9CEB8-8B4A-11D0-8D11-00A0C91BC942}") = "GuiFramework", "GuiFramework\GuiFramework.vcxproj", "{D7F71E9D-E15B-4C26-9F1F-FE373B52D61C}"
EndProject
Project("{8BC9CEB8-8B4A-11D0-8D11-00A0C91BC942}") = "BlankProject", "BlankProject\BlankProject.vcxproj", "{7E7AA618-9233-4D99-8217-EA01F6482F79}"
EndProject
Global
	GlobalSection(SolutionConfigurationPlatforms) = preSolution
		Debug|x64 = Debug|x64
		Release|x64 = Release|x64
	EndGlobalSection
	GlobalSection(ProjectConfigurationPlatforms) = postSolution
		{D7F71E9D-E15B-4C26-9F1F-FE373B52D61C}.Debug|x64.ActiveCfg = Debug|x64
		{D7F71E9D-E15B-4C26-9F1F-FE373B52D61C}.Debug|x64.Build.0 = Debug|x64
		{D7F71E9D-E15B-4C26-9F1F-FE373B52D61C}.Release|x64.ActiveCfg = Release|x64
		{D7F71E9D-E15B-4C26-9F1F-FE373B52D61C}.Release|x64.Build.0 = Release|x64
		{7E7AA618-9233-4D99-8217-EA01F6482F79}.Debug|x64.ActiveCfg = Debug|x64
		{7E7AA618-9233-4D99-8217-EA01F6482F79}.Debug|x64.Build.0 = Debug|x64
		{7E7AA618-9233-4D99-8217-EA01F6482F79}.Release|x64.ActiveCfg = Release|x64
		{7E7AA618-9233-4D99-8217-EA01F6482F79}.Release|x64.Build.0 = Release|x64
	EndGlobalSection
	GlobalSection(SolutionProperties) = preSolution
		HideSolutionNode = FALSE
	EndGlobalSection
	GlobalSection(ExtensibilityGlobals) = postSolution
		SolutionGuid = {4956A74A-7CC6-4D65-B376-A6DF1DBB9B75}
	EndGlobalSection
EndGlobal
